
Microsoft Visual Studio Solution File, Format Version 12.00
# Visual Studio 15
VisualStudioVersion = 15.0.26730.16
MinimumVisualStudioVersion = 10.0.40219.1
Project("{FAE04EC0-301F-11D3-BF4B-00C04F79EFBC}") = "CoinCheck", "CoinCheck\CoinCheck.csproj", "{90CF0F7A-AB32-452A-85E3-EFC6A36BFB81}"
EndProject
Project("{FAE04EC0-301F-11D3-BF4B-00C04F79EFBC}") = "SampleExec", "SampleExec\SampleExec.csproj", "{56668BB9-908D-446E-92C6-28660EC9D1DA}"
EndProject
Global
	GlobalSection(SolutionConfigurationPlatforms) = preSolution
		Debug|Any CPU = Debug|Any CPU
		Release|Any CPU = Release|Any CPU
	EndGlobalSection
	GlobalSection(ProjectConfigurationPlatforms) = postSolution
		{90CF0F7A-AB32-452A-85E3-EFC6A36BFB81}.Debug|Any CPU.ActiveCfg = Debug|Any CPU
		{90CF0F7A-AB32-452A-85E3-EFC6A36BFB81}.Debug|Any CPU.Build.0 = Debug|Any CPU
		{90CF0F7A-AB32-452A-85E3-EFC6A36BFB81}.Release|Any CPU.ActiveCfg = Release|Any CPU
		{90CF0F7A-AB32-452A-85E3-EFC6A36BFB81}.Release|Any CPU.Build.0 = Release|Any CPU
		{56668BB9-908D-446E-92C6-28660EC9D1DA}.Debug|Any CPU.ActiveCfg = Debug|Any CPU
		{56668BB9-908D-446E-92C6-28660EC9D1DA}.Debug|Any CPU.Build.0 = Debug|Any CPU
		{56668BB9-908D-446E-92C6-28660EC9D1DA}.Release|Any CPU.ActiveCfg = Release|Any CPU
		{56668BB9-908D-446E-92C6-28660EC9D1DA}.Release|Any CPU.Build.0 = Release|Any CPU
	EndGlobalSection
	GlobalSection(SolutionProperties) = preSolution
		HideSolutionNode = FALSE
	EndGlobalSection
	GlobalSection(ExtensibilityGlobals) = postSolution
		SolutionGuid = {99FF96EC-FF14-4BE1-81EB-DA6E7F6B6E00}
	EndGlobalSection
EndGlobal
